
Microsoft Visual Studio Solution File, Format Version 12.00
# Visual Studio Version 16
VisualStudioVersion = 16.0.32602.291
MinimumVisualStudioVersion = 10.0.40219.1
Project("{9A19103F-16F7-4668-BE54-9A1E7A4F7556}") = "Lovensedotnet", "Lovensedotnet\Lovensedotnet.csproj", "{26F33E4B-E827-45B4-9C0E-672736E07AC7}"
EndProject
Global
	GlobalSection(SolutionConfigurationPlatforms) = preSolution
		Debug|Any CPU = Debug|Any CPU
		Release|Any CPU = Release|Any CPU
	EndGlobalSection
	GlobalSection(ProjectConfigurationPlatforms) = postSolution
		{26F33E4B-E827-45B4-9C0E-672736E07AC7}.Debug|Any CPU.ActiveCfg = Debug|Any CPU
		{26F33E4B-E827-45B4-9C0E-672736E07AC7}.Debug|Any CPU.Build.0 = Debug|Any CPU
		{26F33E4B-E827-45B4-9C0E-672736E07AC7}.Release|Any CPU.ActiveCfg = Release|Any CPU
		{26F33E4B-E827-45B4-9C0E-672736E07AC7}.Release|Any CPU.Build.0 = Release|Any CPU
	EndGlobalSection
	GlobalSection(SolutionProperties) = preSolution
		HideSolutionNode = FALSE
	EndGlobalSection
	GlobalSection(ExtensibilityGlobals) = postSolution
		SolutionGuid = {B5F2FF24-82D6-4516-8733-AB56FDFD7081}
	EndGlobalSection
EndGlobal
