
Microsoft Visual Studio Solution File, Format Version 12.00
# Visual Studio Version 17
VisualStudioVersion = 17.2.32616.157
MinimumVisualStudioVersion = 10.0.40219.1
Project("{9A19103F-16F7-4668-BE54-9A1E7A4F7556}") = "LovenseData", "LovenseData\LovenseData.csproj", "{0142E1AA-C49B-4DF6-BF80-D5112972ACF9}"
EndProject
Project("{9A19103F-16F7-4668-BE54-9A1E7A4F7556}") = "LovenseService", "LovenseService\LovenseService.csproj", "{944809BA-9BDE-42C4-BC1C-4B792FD2AC78}"
EndProject
Project("{9A19103F-16F7-4668-BE54-9A1E7A4F7556}") = "LovenseApiUI", "LovenseApiUI\LovenseApiUI.csproj", "{76060D29-1A82-4778-AE80-A3EF608CA54D}"
EndProject
Project("{FAE04EC0-301F-11D3-BF4B-00C04F79EFBC}") = "Testing", "Testing\Testing.csproj", "{16D00713-3FE1-48C8-9A8B-866B6535CD23}"
EndProject
Global
	GlobalSection(SolutionConfigurationPlatforms) = preSolution
		Debug|Any CPU = Debug|Any CPU
		Release|Any CPU = Release|Any CPU
	EndGlobalSection
	GlobalSection(ProjectConfigurationPlatforms) = postSolution
		{0142E1AA-C49B-4DF6-BF80-D5112972ACF9}.Debug|Any CPU.ActiveCfg = Debug|Any CPU
		{0142E1AA-C49B-4DF6-BF80-D5112972ACF9}.Debug|Any CPU.Build.0 = Debug|Any CPU
		{0142E1AA-C49B-4DF6-BF80-D5112972ACF9}.Release|Any CPU.ActiveCfg = Release|Any CPU
		{0142E1AA-C49B-4DF6-BF80-D5112972ACF9}.Release|Any CPU.Build.0 = Release|Any CPU
		{944809BA-9BDE-42C4-BC1C-4B792FD2AC78}.Debug|Any CPU.ActiveCfg = Debug|Any CPU
		{944809BA-9BDE-42C4-BC1C-4B792FD2AC78}.Debug|Any CPU.Build.0 = Debug|Any CPU
		{944809BA-9BDE-42C4-BC1C-4B792FD2AC78}.Release|Any CPU.ActiveCfg = Release|Any CPU
		{944809BA-9BDE-42C4-BC1C-4B792FD2AC78}.Release|Any CPU.Build.0 = Release|Any CPU
		{76060D29-1A82-4778-AE80-A3EF608CA54D}.Debug|Any CPU.ActiveCfg = Debug|Any CPU
		{76060D29-1A82-4778-AE80-A3EF608CA54D}.Debug|Any CPU.Build.0 = Debug|Any CPU
		{76060D29-1A82-4778-AE80-A3EF608CA54D}.Release|Any CPU.ActiveCfg = Release|Any CPU
		{76060D29-1A82-4778-AE80-A3EF608CA54D}.Release|Any CPU.Build.0 = Release|Any CPU
		{16D00713-3FE1-48C8-9A8B-866B6535CD23}.Debug|Any CPU.ActiveCfg = Debug|Any CPU
		{16D00713-3FE1-48C8-9A8B-866B6535CD23}.Debug|Any CPU.Build.0 = Debug|Any CPU
		{16D00713-3FE1-48C8-9A8B-866B6535CD23}.Release|Any CPU.ActiveCfg = Release|Any CPU
		{16D00713-3FE1-48C8-9A8B-866B6535CD23}.Release|Any CPU.Build.0 = Release|Any CPU
	EndGlobalSection
	GlobalSection(SolutionProperties) = preSolution
		HideSolutionNode = FALSE
	EndGlobalSection
	GlobalSection(ExtensibilityGlobals) = postSolution
		SolutionGuid = {B5F2FF24-82D6-4516-8733-AB56FDFD7081}
	EndGlobalSection
EndGlobal
